
Microsoft Visual Studio Solution File, Format Version 12.00
# Visual Studio Version 17
VisualStudioVersion = 17.5.002.0
MinimumVisualStudioVersion = 10.0.40219.1
Project("{9A19103F-16F7-4668-BE54-9A1E7A4F7556}") = "CarsiClient", "CarsiClient.csproj", "{0213C08B-0DC9-4177-935C-FE2C5B00DDFD}"
EndProject
Global
	GlobalSection(SolutionConfigurationPlatforms) = preSolution
		Debug|Any CPU = Debug|Any CPU
		Release|Any CPU = Release|Any CPU
	EndGlobalSection
	GlobalSection(ProjectConfigurationPlatforms) = postSolution
		{0213C08B-0DC9-4177-935C-FE2C5B00DDFD}.Debug|Any CPU.ActiveCfg = Debug|Any CPU
		{0213C08B-0DC9-4177-935C-FE2C5B00DDFD}.Debug|Any CPU.Build.0 = Debug|Any CPU
		{0213C08B-0DC9-4177-935C-FE2C5B00DDFD}.Release|Any CPU.ActiveCfg = Release|Any CPU
		{0213C08B-0DC9-4177-935C-FE2C5B00DDFD}.Release|Any CPU.Build.0 = Release|Any CPU
	EndGlobalSection
	GlobalSection(SolutionProperties) = preSolution
		HideSolutionNode = FALSE
	EndGlobalSection
	GlobalSection(ExtensibilityGlobals) = postSolution
		SolutionGuid = {C2BD81A3-F289-4271-8D24-76A977D5ABED}
	EndGlobalSection
EndGlobal
